
Microsoft Visual Studio Solution File, Format Version 12.00
# Visual Studio 15
VisualStudioVersion = 15.0.28307.438
MinimumVisualStudioVersion = 10.0.40219.1
Project("{9A19103F-16F7-4668-BE54-9A1E7A4F7556}") = "IncDec", "IncDec\IncDec.csproj", "{F4E0D090-8A10-4BB3-8700-6814EFC73420}"
EndProject
Project("{FAE04EC0-301F-11D3-BF4B-00C04F79EFBC}") = "ChatBot", "ChatBot\ChatBot.csproj", "{002EA4D3-7631-4021-9916-5517FF3E7836}"
EndProject
Project("{FAE04EC0-301F-11D3-BF4B-00C04F79EFBC}") = "Piramide", "Piramide\Piramide.csproj", "{1D5BFBA0-CECA-41DB-8AE1-626A80AFFFCF}"
EndProject
Global
	GlobalSection(SolutionConfigurationPlatforms) = preSolution
		Debug|Any CPU = Debug|Any CPU
		Release|Any CPU = Release|Any CPU
	EndGlobalSection
	GlobalSection(ProjectConfigurationPlatforms) = postSolution
		{F4E0D090-8A10-4BB3-8700-6814EFC73420}.Debug|Any CPU.ActiveCfg = Debug|Any CPU
		{F4E0D090-8A10-4BB3-8700-6814EFC73420}.Debug|Any CPU.Build.0 = Debug|Any CPU
		{F4E0D090-8A10-4BB3-8700-6814EFC73420}.Release|Any CPU.ActiveCfg = Release|Any CPU
		{F4E0D090-8A10-4BB3-8700-6814EFC73420}.Release|Any CPU.Build.0 = Release|Any CPU
		{002EA4D3-7631-4021-9916-5517FF3E7836}.Debug|Any CPU.ActiveCfg = Debug|Any CPU
		{002EA4D3-7631-4021-9916-5517FF3E7836}.Debug|Any CPU.Build.0 = Debug|Any CPU
		{002EA4D3-7631-4021-9916-5517FF3E7836}.Release|Any CPU.ActiveCfg = Release|Any CPU
		{002EA4D3-7631-4021-9916-5517FF3E7836}.Release|Any CPU.Build.0 = Release|Any CPU
		{1D5BFBA0-CECA-41DB-8AE1-626A80AFFFCF}.Debug|Any CPU.ActiveCfg = Debug|Any CPU
		{1D5BFBA0-CECA-41DB-8AE1-626A80AFFFCF}.Debug|Any CPU.Build.0 = Debug|Any CPU
		{1D5BFBA0-CECA-41DB-8AE1-626A80AFFFCF}.Release|Any CPU.ActiveCfg = Release|Any CPU
		{1D5BFBA0-CECA-41DB-8AE1-626A80AFFFCF}.Release|Any CPU.Build.0 = Release|Any CPU
	EndGlobalSection
	GlobalSection(SolutionProperties) = preSolution
		HideSolutionNode = FALSE
	EndGlobalSection
	GlobalSection(ExtensibilityGlobals) = postSolution
		SolutionGuid = {3B269D41-7407-4C44-89C1-F401CE060ACC}
	EndGlobalSection
EndGlobal
